
Microsoft Visual Studio Solution File, Format Version 12.00
# Visual Studio Version 17
VisualStudioVersion = 17.6.33829.357
MinimumVisualStudioVersion = 10.0.40219.1
Project("{FAE04EC0-301F-11D3-BF4B-00C04F79EFBC}") = "api", "api.csproj", "{C5D4FC93-A983-40D5-AAC0-838F86C3EDB3}"
EndProject
Global
	GlobalSection(SolutionConfigurationPlatforms) = preSolution
		Debug|Any CPU = Debug|Any CPU
		Release|Any CPU = Release|Any CPU
	EndGlobalSection
	GlobalSection(ProjectConfigurationPlatforms) = postSolution
		{C5D4FC93-A983-40D5-AAC0-838F86C3EDB3}.Debug|Any CPU.ActiveCfg = Debug|Any CPU
		{C5D4FC93-A983-40D5-AAC0-838F86C3EDB3}.Debug|Any CPU.Build.0 = Debug|Any CPU
		{C5D4FC93-A983-40D5-AAC0-838F86C3EDB3}.Release|Any CPU.ActiveCfg = Release|Any CPU
		{C5D4FC93-A983-40D5-AAC0-838F86C3EDB3}.Release|Any CPU.Build.0 = Release|Any CPU
	EndGlobalSection
	GlobalSection(SolutionProperties) = preSolution
		HideSolutionNode = FALSE
	EndGlobalSection
	GlobalSection(ExtensibilityGlobals) = postSolution
		SolutionGuid = {E58AA561-850A-46C0-B86C-21222BDBD11F}
	EndGlobalSection
EndGlobal
